// !$*UTF8*$!
{
	archiveVersion = 1;
	classes = {
	};
	objectVersion = 50;
	objects = {

/* Begin PBXBuildFile section */
		506CB5B824F25F2A007BB6B4 /* AppDelegate.swift in Sources */ = {isa = PBXBuildFile; fileRef = 506CB5B724F25F2A007BB6B4 /* AppDelegate.swift */; };
		506CB5BA24F25F2A007BB6B4 /* SceneDelegate.swift in Sources */ = {isa = PBXBuildFile; fileRef = 506CB5B924F25F2A007BB6B4 /* SceneDelegate.swift */; };
		506CB5BC24F25F2A007BB6B4 /* ViewController.swift in Sources */ = {isa = PBXBuildFile; fileRef = 506CB5BB24F25F2A007BB6B4 /* ViewController.swift */; };
		506CB5BF24F25F2A007BB6B4 /* Main.storyboard in Resources */ = {isa = PBXBuildFile; fileRef = 506CB5BD24F25F2A007BB6B4 /* Main.storyboard */; };
		506CB5C124F25F2B007BB6B4 /* Assets.xcassets in Resources */ = {isa = PBXBuildFile; fileRef = 506CB5C024F25F2B007BB6B4 /* Assets.xcassets */; };
		506CB5C424F25F2B007BB6B4 /* LaunchScreen.storyboard in Resources */ = {isa = PBXBuildFile; fileRef = 506CB5C224F25F2B007BB6B4 /* LaunchScreen.storyboard */; };
		506CB5CF24F25F87007BB6B4 /* Set.swift in Sources */ = {isa = PBXBuildFile; fileRef = 506CB5CE24F25F87007BB6B4 /* Set.swift */; };
		506CB5D124F25F93007BB6B4 /* Card.swift in Sources */ = {isa = PBXBuildFile; fileRef = 506CB5D024F25F93007BB6B4 /* Card.swift */; };
		506CB5D324F25FA2007BB6B4 /* IntExtension.swift in Sources */ = {isa = PBXBuildFile; fileRef = 506CB5D224F25FA2007BB6B4 /* IntExtension.swift */; };
		506CB5D524F27584007BB6B4 /* UIButtonExtension.swift in Sources */ = {isa = PBXBuildFile; fileRef = 506CB5D424F27584007BB6B4 /* UIButtonExtension.swift */; };
		506CB5D724F27698007BB6B4 /* ButtonRender.swift in Sources */ = {isa = PBXBuildFile; fileRef = 506CB5D624F27698007BB6B4 /* ButtonRender.swift */; };
/* End PBXBuildFile section */

/* Begin PBXFileReference section */
		506CB5B424F25F2A007BB6B4 /* SetGame.app */ = {isa = PBXFileReference; explicitFileType = wrapper.application; includeInIndex = 0; path = SetGame.app; sourceTree = BUILT_PRODUCTS_DIR; };
		506CB5B724F25F2A007BB6B4 /* AppDelegate.swift */ = {isa = PBXFileReference; lastKnownFileType = sourcecode.swift; path = AppDelegate.swift; sourceTree = "<group>"; };
		506CB5B924F25F2A007BB6B4 /* SceneDelegate.swift */ = {isa = PBXFileReference; lastKnownFileType = sourcecode.swift; path = SceneDelegate.swift; sourceTree = "<group>"; };
		506CB5BB24F25F2A007BB6B4 /* ViewController.swift */ = {isa = PBXFileReference; lastKnownFileType = sourcecode.swift; path = ViewController.swift; sourceTree = "<group>"; };
		506CB5BE24F25F2A007BB6B4 /* Base */ = {isa = PBXFileReference; lastKnownFileType = file.storyboard; name = Base; path = Base.lproj/Main.storyboard; sourceTree = "<group>"; };
		506CB5C024F25F2B007BB6B4 /* Assets.xcassets */ = {isa = PBXFileReference; lastKnownFileType = folder.assetcatalog; path = Assets.xcassets; sourceTree = "<group>"; };
		506CB5C324F25F2B007BB6B4 /* Base */ = {isa = PBXFileReference; lastKnownFileType = file.storyboard; name = Base; path = Base.lproj/LaunchScreen.storyboard; sourceTree = "<group>"; };
		506CB5C524F25F2B007BB6B4 /* Info.plist */ = {isa = PBXFileReference; lastKnownFileType = text.plist.xml; path = Info.plist; sourceTree = "<group>"; };
		506CB5CE24F25F87007BB6B4 /* Set.swift */ = {isa = PBXFileReference; lastKnownFileType = sourcecode.swift; path = Set.swift; sourceTree = "<group>"; };
		506CB5D024F25F93007BB6B4 /* Card.swift */ = {isa = PBXFileReference; lastKnownFileType = sourcecode.swift; path = Card.swift; sourceTree = "<group>"; };
		506CB5D224F25FA2007BB6B4 /* IntExtension.swift */ = {isa = PBXFileReference; lastKnownFileType = sourcecode.swift; path = IntExtension.swift; sourceTree = "<group>"; };
		506CB5D424F27584007BB6B4 /* UIButtonExtension.swift */ = {isa = PBXFileReference; lastKnownFileType = sourcecode.swift; path = UIButtonExtension.swift; sourceTree = "<group>"; };
		506CB5D624F27698007BB6B4 /* ButtonRender.swift */ = {isa = PBXFileReference; lastKnownFileType = sourcecode.swift; path = ButtonRender.swift; sourceTree = "<group>"; };
/* End PBXFileReference section */

/* Begin PBXFrameworksBuildPhase section */
		506CB5B124F25F2A007BB6B4 /* Frameworks */ = {
			isa = PBXFrameworksBuildPhase;
			buildActionMask = 2147483647;
			files = (
			);
			runOnlyForDeploymentPostprocessing = 0;
		};
/* End PBXFrameworksBuildPhase section */

/* Begin PBXGroup section */
		506CB5AB24F25F2A007BB6B4 = {
			isa = PBXGroup;
			children = (
				506CB5B624F25F2A007BB6B4 /* SetGame */,
				506CB5B524F25F2A007BB6B4 /* Products */,
			);
			sourceTree = "<group>";
		};
		506CB5B524F25F2A007BB6B4 /* Products */ = {
			isa = PBXGroup;
			children = (
				506CB5B424F25F2A007BB6B4 /* SetGame.app */,
			);
			name = Products;
			sourceTree = "<group>";
		};
		506CB5B624F25F2A007BB6B4 /* SetGame */ = {
			isa = PBXGroup;
			children = (
				506CB5CB24F25F3D007BB6B4 /* Supporting Files */,
				506CB5B924F25F2A007BB6B4 /* SceneDelegate.swift */,
				506CB5BB24F25F2A007BB6B4 /* ViewController.swift */,
				506CB5BD24F25F2A007BB6B4 /* Main.storyboard */,
				506CB5C524F25F2B007BB6B4 /* Info.plist */,
				506CB5CE24F25F87007BB6B4 /* Set.swift */,
				506CB5D024F25F93007BB6B4 /* Card.swift */,
				506CB5D424F27584007BB6B4 /* UIButtonExtension.swift */,
				506CB5D624F27698007BB6B4 /* ButtonRender.swift */,
				506CB5D224F25FA2007BB6B4 /* IntExtension.swift */,
			);
			path = SetGame;
			sourceTree = "<group>";
		};
		506CB5CB24F25F3D007BB6B4 /* Supporting Files */ = {
			isa = PBXGroup;
			children = (
				506CB5B724F25F2A007BB6B4 /* AppDelegate.swift */,
				506CB5C024F25F2B007BB6B4 /* Assets.xcassets */,
				506CB5C224F25F2B007BB6B4 /* LaunchScreen.storyboard */,
			);
			path = "Supporting Files";
			sourceTree = "<group>";
		};
/* End PBXGroup section */

/* Begin PBXNativeTarget section */
		506CB5B324F25F2A007BB6B4 /* SetGame */ = {
			isa = PBXNativeTarget;
			buildConfigurationList = 506CB5C824F25F2B007BB6B4 /* Build configuration list for PBXNativeTarget "SetGame" */;
			buildPhases = (
				506CB5B024F25F2A007BB6B4 /* Sources */,
				506CB5B124F25F2A007BB6B4 /* Frameworks */,
				506CB5B224F25F2A007BB6B4 /* Resources */,
			);
			buildRules = (
			);
			dependencies = (
			);
			name = SetGame;
			productName = SetGame;
			productReference = 506CB5B424F25F2A007BB6B4 /* SetGame.app */;
			productType = "com.apple.product-type.application";
		};
/* End PBXNativeTarget section */

/* Begin PBXProject section */
		506CB5AC24F25F2A007BB6B4 /* Project object */ = {
			isa = PBXProject;
			attributes = {
				LastSwiftUpdateCheck = 1140;
				LastUpgradeCheck = 1140;
				ORGANIZATIONNAME = Max;
				TargetAttributes = {
					506CB5B324F25F2A007BB6B4 = {
						CreatedOnToolsVersion = 11.4.1;
					};
				};
			};
			buildConfigurationList = 506CB5AF24F25F2A007BB6B4 /* Build configuration list for PBXProject "SetGame" */;
			compatibilityVersion = "Xcode 9.3";
			developmentRegion = en;
			hasScannedForEncodings = 0;
			knownRegions = (
				en,
				Base,
			);
			mainGroup = 506CB5AB24F25F2A007BB6B4;
			productRefGroup = 506CB5B524F25F2A007BB6B4 /* Products */;
			projectDirPath = "";
			projectRoot = "";
			targets = (
				506CB5B324F25F2A007BB6B4 /* SetGame */,
			);
		};
/* End PBXProject section */

/* Begin PBXResourcesBuildPhase section */
		506CB5B224F25F2A007BB6B4 /* Resources */ = {
			isa = PBXResourcesBuildPhase;
			buildActionMask = 2147483647;
			files = (
				506CB5C424F25F2B007BB6B4 /* LaunchScreen.storyboard in Resources */,
				506CB5C124F25F2B007BB6B4 /* Assets.xcassets in Resources */,
				506CB5BF24F25F2A007BB6B4 /* Main.storyboard in Resources */,
			);
			runOnlyForDeploymentPostprocessing = 0;
		};
/* End PBXResourcesBuildPhase section */

/* Begin PBXSourcesBuildPhase section */
		506CB5B024F25F2A007BB6B4 /* Sources */ = {
			isa = PBXSourcesBuildPhase;
			buildActionMask = 2147483647;
			files = (
				506CB5CF24F25F87007BB6B4 /* Set.swift in Sources */,
				506CB5D724F27698007BB6B4 /* ButtonRender.swift in Sources */,
				506CB5BC24F25F2A007BB6B4 /* ViewController.swift in Sources */,
				506CB5D124F25F93007BB6B4 /* Card.swift in Sources */,
				506CB5B824F25F2A007BB6B4 /* AppDelegate.swift in Sources */,
				506CB5D524F27584007BB6B4 /* UIButtonExtension.swift in Sources */,
				506CB5BA24F25F2A007BB6B4 /* SceneDelegate.swift in Sources */,
				506CB5D324F25FA2007BB6B4 /* IntExtension.swift in Sources */,
			);
			runOnlyForDeploymentPostprocessing = 0;
		};
/* End PBXSourcesBuildPhase section */

/* Begin PBXVariantGroup section */
		506CB5BD24F25F2A007BB6B4 /* Main.storyboard */ = {
			isa = PBXVariantGroup;
			children = (
				506CB5BE24F25F2A007BB6B4 /* Base */,
			);
			name = Main.storyboard;
			sourceTree = "<group>";
		};
		506CB5C224F25F2B007BB6B4 /* LaunchScreen.storyboard */ = {
			isa = PBXVariantGroup;
			children = (
				506CB5C324F25F2B007BB6B4 /* Base */,
			);
			name = LaunchScreen.storyboard;
			sourceTree = "<group>";
		};
/* End PBXVariantGroup section */

/* Begin XCBuildConfiguration section */
		506CB5C624F25F2B007BB6B4 /* Debug */ = {
			isa = XCBuildConfiguration;
			buildSettings = {
				ALWAYS_SEARCH_USER_PATHS = NO;
				CLANG_ANALYZER_NONNULL = YES;
				CLANG_ANALYZER_NUMBER_OBJECT_CONVERSION = YES_AGGRESSIVE;
				CLANG_CXX_LANGUAGE_STANDARD = "gnu++14";
				CLANG_CXX_LIBRARY = "libc++";
				CLANG_ENABLE_MODULES = YES;
				CLANG_ENABLE_OBJC_ARC = YES;
				CLANG_ENABLE_OBJC_WEAK = YES;
				CLANG_WARN_BLOCK_CAPTURE_AUTORELEASING = YES;
				CLANG_WARN_BOOL_CONVERSION = YES;
				CLANG_WARN_COMMA = YES;
				CLANG_WARN_CONSTANT_CONVERSION = YES;
				CLANG_WARN_DEPRECATED_OBJC_IMPLEMENTATIONS = YES;
				CLANG_WARN_DIRECT_OBJC_ISA_USAGE = YES_ERROR;
				CLANG_WARN_DOCUMENTATION_COMMENTS = YES;
				CLANG_WARN_EMPTY_BODY = YES;
				CLANG_WARN_ENUM_CONVERSION = YES;
				CLANG_WARN_INFINITE_RECURSION = YES;
				CLANG_WARN_INT_CONVERSION = YES;
				CLANG_WARN_NON_LITERAL_NULL_CONVERSION = YES;
				CLANG_WARN_OBJC_IMPLICIT_RETAIN_SELF = YES;
				CLANG_WARN_OBJC_LITERAL_CONVERSION = YES;
				CLANG_WARN_OBJC_ROOT_CLASS = YES_ERROR;
				CLANG_WARN_RANGE_LOOP_ANALYSIS = YES;
				CLANG_WARN_STRICT_PROTOTYPES = YES;
				CLANG_WARN_SUSPICIOUS_MOVE = YES;
				CLANG_WARN_UNGUARDED_AVAILABILITY = YES_AGGRESSIVE;
				CLANG_WARN_UNREACHABLE_CODE = YES;
				CLANG_WARN__DUPLICATE_METHOD_MATCH = YES;
				COPY_PHASE_STRIP = NO;
				DEBUG_INFORMATION_FORMAT = dwarf;
				ENABLE_STRICT_OBJC_MSGSEND = YES;
				ENABLE_TESTABILITY = YES;
				GCC_C_LANGUAGE_STANDARD = gnu11;
				GCC_DYNAMIC_NO_PIC = NO;
				GCC_NO_COMMON_BLOCKS = YES;
				GCC_OPTIMIZATION_LEVEL = 0;
				GCC_PREPROCESSOR_DEFINITIONS = (
					"DEBUG=1",
					"$(inherited)",
				);
				GCC_WARN_64_TO_32_BIT_CONVERSION = YES;
				GCC_WARN_ABOUT_RETURN_TYPE = YES_ERROR;
				GCC_WARN_UNDECLARED_SELECTOR = YES;
				GCC_WARN_UNINITIALIZED_AUTOS = YES_AGGRESSIVE;
				GCC_WARN_UNUSED_FUNCTION = YES;
				GCC_WARN_UNUSED_VARIABLE = YES;
				IPHONEOS_DEPLOYMENT_TARGET = 13.4;
				MTL_ENABLE_DEBUG_INFO = INCLUDE_SOURCE;
				MTL_FAST_MATH = YES;
				ONLY_ACTIVE_ARCH = YES;
				SDKROOT = iphoneos;
				SWIFT_ACTIVE_COMPILATION_CONDITIONS = DEBUG;
				SWIFT_OPTIMIZATION_LEVEL = "-Onone";
			};
			name = Debug;
		};
		506CB5C724F25F2B007BB6B4 /* Release */ = {
			isa = XCBuildConfiguration;
			buildSettings = {
				ALWAYS_SEARCH_USER_PATHS = NO;
				CLANG_ANALYZER_NONNULL = YES;
				CLANG_ANALYZER_NUMBER_OBJECT_CONVERSION = YES_AGGRESSIVE;
				CLANG_CXX_LANGUAGE_STANDARD = "gnu++14";
				CLANG_CXX_LIBRARY = "libc++";
				CLANG_ENABLE_MODULES = YES;
				CLANG_ENABLE_OBJC_ARC = YES;
				CLANG_ENABLE_OBJC_WEAK = YES;
				CLANG_WARN_BLOCK_CAPTURE_AUTORELEASING = YES;
				CLANG_WARN_BOOL_CONVERSION = YES;
				CLANG_WARN_COMMA = YES;
				CLANG_WARN_CONSTANT_CONVERSION = YES;
				CLANG_WARN_DEPRECATED_OBJC_IMPLEMENTATIONS = YES;
				CLANG_WARN_DIRECT_OBJC_ISA_USAGE = YES_ERROR;
				CLANG_WARN_DOCUMENTATION_COMMENTS = YES;
				CLANG_WARN_EMPTY_BODY = YES;
				CLANG_WARN_ENUM_CONVERSION = YES;
				CLANG_WARN_INFINITE_RECURSION = YES;
				CLANG_WARN_INT_CONVERSION = YES;
				CLANG_WARN_NON_LITERAL_NULL_CONVERSION = YES;
				CLANG_WARN_OBJC_IMPLICIT_RETAIN_SELF = YES;
				CLANG_WARN_OBJC_LITERAL_CONVERSION = YES;
				CLANG_WARN_OBJC_ROOT_CLASS = YES_ERROR;
				CLANG_WARN_RANGE_LOOP_ANALYSIS = YES;
				CLANG_WARN_STRICT_PROTOTYPES = YES;
				CLANG_WARN_SUSPICIOUS_MOVE = YES;
				CLANG_WARN_UNGUARDED_AVAILABILITY = YES_AGGRESSIVE;
				CLANG_WARN_UNREACHABLE_CODE = YES;
				CLANG_WARN__DUPLICATE_METHOD_MATCH = YES;
				COPY_PHASE_STRIP = NO;
				DEBUG_INFORMATION_FORMAT = "dwarf-with-dsym";
				ENABLE_NS_ASSERTIONS = NO;
				ENABLE_STRICT_OBJC_MSGSEND = YES;
				GCC_C_LANGUAGE_STANDARD = gnu11;
				GCC_NO_COMMON_BLOCKS = YES;
				GCC_WARN_64_TO_32_BIT_CONVERSION = YES;
				GCC_WARN_ABOUT_RETURN_TYPE = YES_ERROR;
				GCC_WARN_UNDECLARED_SELECTOR = YES;
				GCC_WARN_UNINITIALIZED_AUTOS = YES_AGGRESSIVE;
				GCC_WARN_UNUSED_FUNCTION = YES;
				GCC_WARN_UNUSED_VARIABLE = YES;
				IPHONEOS_DEPLOYMENT_TARGET = 13.4;
				MTL_ENABLE_DEBUG_INFO = NO;
				MTL_FAST_MATH = YES;
				SDKROOT = iphoneos;
				SWIFT_COMPILATION_MODE = wholemodule;
				SWIFT_OPTIMIZATION_LEVEL = "-O";
				VALIDATE_PRODUCT = YES;
			};
			name = Release;
		};
		506CB5C924F25F2B007BB6B4 /* Debug */ = {
			isa = XCBuildConfiguration;
			buildSettings = {
				ASSETCATALOG_COMPILER_APPICON_NAME = AppIcon;
				CODE_SIGN_STYLE = Automatic;
				DEVELOPMENT_TEAM = 8J389T625L;
				INFOPLIST_FILE = SetGame/Info.plist;
				LD_RUNPATH_SEARCH_PATHS = (
					"$(inherited)",
					"@executable_path/Frameworks",
				);
				PRODUCT_BUNDLE_IDENTIFIER = Home.SetGame;
				PRODUCT_NAME = "$(TARGET_NAME)";
				SWIFT_VERSION = 5.0;
				TARGETED_DEVICE_FAMILY = "1,2";
			};
			name = Debug;
		};
		506CB5CA24F25F2B007BB6B4 /* Release */ = {
			isa = XCBuildConfiguration;
			buildSettings = {
				ASSETCATALOG_COMPILER_APPICON_NAME = AppIcon;
				CODE_SIGN_STYLE = Automatic;
				DEVELOPMENT_TEAM = 8J389T625L;
				INFOPLIST_FILE = SetGame/Info.plist;
				LD_RUNPATH_SEARCH_PATHS = (
					"$(inherited)",
					"@executable_path/Frameworks",
				);
				PRODUCT_BUNDLE_IDENTIFIER = Home.SetGame;
				PRODUCT_NAME = "$(TARGET_NAME)";
				SWIFT_VERSION = 5.0;
				TARGETED_DEVICE_FAMILY = "1,2";
			};
			name = Release;
		};
/* End XCBuildConfiguration section */

/* Begin XCConfigurationList section */
		506CB5AF24F25F2A007BB6B4 /* Build configuration list for PBXProject "SetGame" */ = {
			isa = XCConfigurationList;
			buildConfigurations = (
				506CB5C624F25F2B007BB6B4 /* Debug */,
				506CB5C724F25F2B007BB6B4 /* Release */,
			);
			defaultConfigurationIsVisible = 0;
			defaultConfigurationName = Release;
		};
		506CB5C824F25F2B007BB6B4 /* Build configuration list for PBXNativeTarget "SetGame" */ = {
			isa = XCConfigurationList;
			buildConfigurations = (
				506CB5C924F25F2B007BB6B4 /* Debug */,
				506CB5CA24F25F2B007BB6B4 /* Release */,
			);
			defaultConfigurationIsVisible = 0;
			defaultConfigurationName = Release;
		};
/* End XCConfigurationList section */
	};
	rootObject = 506CB5AC24F25F2A007BB6B4 /* Project object */;
}
